// !$*UTF8*$!
{
	archiveVersion = 1;
	classes = {
	};
	objectVersion = 46;
	objects = {

/* Begin PBXBuildFile section */
		12D42A991DB5212A00A3CCC6 /* StickerPackExtension.appex in Embed App Extensions */ = {isa = PBXBuildFile; fileRef = 12D42A981DB5212A00A3CCC6 /* StickerPackExtension.appex */; settings = {ATTRIBUTES = (RemoveHeadersOnCopy, ); }; };
		12D42A9D1DB5212A00A3CCC6 /* Stickers.xcstickers in Resources */ = {isa = PBXBuildFile; fileRef = 12D42A9C1DB5212A00A3CCC6 /* Stickers.xcstickers */; };
		12D42A9E1DB5212A00A3CCC6 /* Stickers.xcstickers in Resources */ = {isa = PBXBuildFile; fileRef = 12D42A9C1DB5212A00A3CCC6 /* Stickers.xcstickers */; };
/* End PBXBuildFile section */

/* Begin PBXContainerItemProxy section */
		12D42A9A1DB5212A00A3CCC6 /* PBXContainerItemProxy */ = {
			isa = PBXContainerItemProxy;
			containerPortal = 12D42A8E1DB5212A00A3CCC6 /* Project object */;
			proxyType = 1;
			remoteGlobalIDString = 12D42A971DB5212A00A3CCC6;
			remoteInfo = StickerPackExtension;
		};
/* End PBXContainerItemProxy section */

/* Begin PBXCopyFilesBuildPhase section */
		12D42AA41DB5212A00A3CCC6 /* Embed App Extensions */ = {
			isa = PBXCopyFilesBuildPhase;
			buildActionMask = 2147483647;
			dstPath = "";
			dstSubfolderSpec = 13;
			files = (
				12D42A991DB5212A00A3CCC6 /* StickerPackExtension.appex in Embed App Extensions */,
			);
			name = "Embed App Extensions";
			runOnlyForDeploymentPostprocessing = 0;
		};
/* End PBXCopyFilesBuildPhase section */

/* Begin PBXFileReference section */
		12D42A941DB5212A00A3CCC6 /* CodingEmoji.app */ = {isa = PBXFileReference; explicitFileType = wrapper.application; includeInIndex = 0; path = CodingEmoji.app; sourceTree = BUILT_PRODUCTS_DIR; };
		12D42A981DB5212A00A3CCC6 /* StickerPackExtension.appex */ = {isa = PBXFileReference; explicitFileType = "wrapper.app-extension"; includeInIndex = 0; path = StickerPackExtension.appex; sourceTree = BUILT_PRODUCTS_DIR; };
		12D42A9C1DB5212A00A3CCC6 /* Stickers.xcstickers */ = {isa = PBXFileReference; lastKnownFileType = folder.stickers; name = Stickers.xcstickers; path = StickerPackExtension/Stickers.xcstickers; sourceTree = "<group>"; };
/* End PBXFileReference section */

/* Begin PBXGroup section */
		12D42A8D1DB5212A00A3CCC6 = {
			isa = PBXGroup;
			children = (
				12D42A9C1DB5212A00A3CCC6 /* Stickers.xcstickers */,
				12D42A951DB5212A00A3CCC6 /* Products */,
			);
			sourceTree = "<group>";
		};
		12D42A951DB5212A00A3CCC6 /* Products */ = {
			isa = PBXGroup;
			children = (
				12D42A941DB5212A00A3CCC6 /* CodingEmoji.app */,
				12D42A981DB5212A00A3CCC6 /* StickerPackExtension.appex */,
			);
			name = Products;
			sourceTree = "<group>";
		};
/* End PBXGroup section */

/* Begin PBXNativeTarget section */
		12D42A931DB5212A00A3CCC6 /* CodingEmoji */ = {
			isa = PBXNativeTarget;
			buildConfigurationList = 12D42AA51DB5212A00A3CCC6 /* Build configuration list for PBXNativeTarget "CodingEmoji" */;
			buildPhases = (
				12D42A921DB5212A00A3CCC6 /* Resources */,
				12D42AA41DB5212A00A3CCC6 /* Embed App Extensions */,
			);
			buildRules = (
			);
			dependencies = (
				12D42A9B1DB5212A00A3CCC6 /* PBXTargetDependency */,
			);
			name = CodingEmoji;
			productName = CodingEmoji;
			productReference = 12D42A941DB5212A00A3CCC6 /* CodingEmoji.app */;
			productType = "com.apple.product-type.application.messages";
		};
		12D42A971DB5212A00A3CCC6 /* StickerPackExtension */ = {
			isa = PBXNativeTarget;
			buildConfigurationList = 12D42AA11DB5212A00A3CCC6 /* Build configuration list for PBXNativeTarget "StickerPackExtension" */;
			buildPhases = (
				12D42A961DB5212A00A3CCC6 /* Resources */,
			);
			buildRules = (
			);
			dependencies = (
			);
			name = StickerPackExtension;
			productName = StickerPackExtension;
			productReference = 12D42A981DB5212A00A3CCC6 /* StickerPackExtension.appex */;
			productType = "com.apple.product-type.app-extension.messages-sticker-pack";
		};
/* End PBXNativeTarget section */

/* Begin PBXProject section */
		12D42A8E1DB5212A00A3CCC6 /* Project object */ = {
			isa = PBXProject;
			attributes = {
				LastUpgradeCheck = 0800;
				ORGANIZATIONNAME = EyreFree;
				TargetAttributes = {
					12D42A931DB5212A00A3CCC6 = {
						CreatedOnToolsVersion = 8.0;
						DevelopmentTeam = P3X2725LYY;
						ProvisioningStyle = Automatic;
					};
					12D42A971DB5212A00A3CCC6 = {
						CreatedOnToolsVersion = 8.0;
						DevelopmentTeam = P3X2725LYY;
						ProvisioningStyle = Automatic;
					};
				};
			};
			buildConfigurationList = 12D42A911DB5212A00A3CCC6 /* Build configuration list for PBXProject "CodingEmoji" */;
			compatibilityVersion = "Xcode 3.2";
			developmentRegion = English;
			hasScannedForEncodings = 0;
			knownRegions = (
				en,
			);
			mainGroup = 12D42A8D1DB5212A00A3CCC6;
			productRefGroup = 12D42A951DB5212A00A3CCC6 /* Products */;
			projectDirPath = "";
			projectRoot = "";
			targets = (
				12D42A931DB5212A00A3CCC6 /* CodingEmoji */,
				12D42A971DB5212A00A3CCC6 /* StickerPackExtension */,
			);
		};
/* End PBXProject section */

/* Begin PBXResourcesBuildPhase section */
		12D42A921DB5212A00A3CCC6 /* Resources */ = {
			isa = PBXResourcesBuildPhase;
			buildActionMask = 2147483647;
			files = (
				12D42A9E1DB5212A00A3CCC6 /* Stickers.xcstickers in Resources */,
			);
			runOnlyForDeploymentPostprocessing = 0;
		};
		12D42A961DB5212A00A3CCC6 /* Resources */ = {
			isa = PBXResourcesBuildPhase;
			buildActionMask = 2147483647;
			files = (
				12D42A9D1DB5212A00A3CCC6 /* Stickers.xcstickers in Resources */,
			);
			runOnlyForDeploymentPostprocessing = 0;
		};
/* End PBXResourcesBuildPhase section */

/* Begin PBXTargetDependency section */
		12D42A9B1DB5212A00A3CCC6 /* PBXTargetDependency */ = {
			isa = PBXTargetDependency;
			target = 12D42A971DB5212A00A3CCC6 /* StickerPackExtension */;
			targetProxy = 12D42A9A1DB5212A00A3CCC6 /* PBXContainerItemProxy */;
		};
/* End PBXTargetDependency section */

/* Begin XCBuildConfiguration section */
		12D42A9F1DB5212A00A3CCC6 /* Debug */ = {
			isa = XCBuildConfiguration;
			buildSettings = {
				ALWAYS_SEARCH_USER_PATHS = NO;
				CLANG_ANALYZER_NONNULL = YES;
				CLANG_CXX_LANGUAGE_STANDARD = "gnu++0x";
				CLANG_CXX_LIBRARY = "libc++";
				CLANG_ENABLE_MODULES = YES;
				CLANG_ENABLE_OBJC_ARC = YES;
				CLANG_WARN_BOOL_CONVERSION = YES;
				CLANG_WARN_CONSTANT_CONVERSION = YES;
				CLANG_WARN_DIRECT_OBJC_ISA_USAGE = YES_ERROR;
				CLANG_WARN_DOCUMENTATION_COMMENTS = YES;
				CLANG_WARN_EMPTY_BODY = YES;
				CLANG_WARN_ENUM_CONVERSION = YES;
				CLANG_WARN_INFINITE_RECURSION = YES;
				CLANG_WARN_INT_CONVERSION = YES;
				CLANG_WARN_OBJC_ROOT_CLASS = YES_ERROR;
				CLANG_WARN_SUSPICIOUS_MOVES = YES;
				CLANG_WARN_UNREACHABLE_CODE = YES;
				CLANG_WARN__DUPLICATE_METHOD_MATCH = YES;
				"CODE_SIGN_IDENTITY[sdk=iphoneos*]" = "iPhone Developer";
				COPY_PHASE_STRIP = NO;
				DEBUG_INFORMATION_FORMAT = dwarf;
				ENABLE_STRICT_OBJC_MSGSEND = YES;
				ENABLE_TESTABILITY = YES;
				GCC_C_LANGUAGE_STANDARD = gnu99;
				GCC_DYNAMIC_NO_PIC = NO;
				GCC_NO_COMMON_BLOCKS = YES;
				GCC_OPTIMIZATION_LEVEL = 0;
				GCC_PREPROCESSOR_DEFINITIONS = (
					"DEBUG=1",
					"$(inherited)",
				);
				GCC_WARN_64_TO_32_BIT_CONVERSION = YES;
				GCC_WARN_ABOUT_RETURN_TYPE = YES_ERROR;
				GCC_WARN_UNDECLARED_SELECTOR = YES;
				GCC_WARN_UNINITIALIZED_AUTOS = YES_AGGRESSIVE;
				GCC_WARN_UNUSED_FUNCTION = YES;
				GCC_WARN_UNUSED_VARIABLE = YES;
				IPHONEOS_DEPLOYMENT_TARGET = 10.0;
				MTL_ENABLE_DEBUG_INFO = YES;
				ONLY_ACTIVE_ARCH = YES;
				SDKROOT = iphoneos;
			};
			name = Debug;
		};
		12D42AA01DB5212A00A3CCC6 /* Release */ = {
			isa = XCBuildConfiguration;
			buildSettings = {
				ALWAYS_SEARCH_USER_PATHS = NO;
				CLANG_ANALYZER_NONNULL = YES;
				CLANG_CXX_LANGUAGE_STANDARD = "gnu++0x";
				CLANG_CXX_LIBRARY = "libc++";
				CLANG_ENABLE_MODULES = YES;
				CLANG_ENABLE_OBJC_ARC = YES;
				CLANG_WARN_BOOL_CONVERSION = YES;
				CLANG_WARN_CONSTANT_CONVERSION = YES;
				CLANG_WARN_DIRECT_OBJC_ISA_USAGE = YES_ERROR;
				CLANG_WARN_DOCUMENTATION_COMMENTS = YES;
				CLANG_WARN_EMPTY_BODY = YES;
				CLANG_WARN_ENUM_CONVERSION = YES;
				CLANG_WARN_INFINITE_RECURSION = YES;
				CLANG_WARN_INT_CONVERSION = YES;
				CLANG_WARN_OBJC_ROOT_CLASS = YES_ERROR;
				CLANG_WARN_SUSPICIOUS_MOVES = YES;
				CLANG_WARN_UNREACHABLE_CODE = YES;
				CLANG_WARN__DUPLICATE_METHOD_MATCH = YES;
				"CODE_SIGN_IDENTITY[sdk=iphoneos*]" = "iPhone Developer";
				COPY_PHASE_STRIP = NO;
				DEBUG_INFORMATION_FORMAT = "dwarf-with-dsym";
				ENABLE_NS_ASSERTIONS = NO;
				ENABLE_STRICT_OBJC_MSGSEND = YES;
				GCC_C_LANGUAGE_STANDARD = gnu99;
				GCC_NO_COMMON_BLOCKS = YES;
				GCC_WARN_64_TO_32_BIT_CONVERSION = YES;
				GCC_WARN_ABOUT_RETURN_TYPE = YES_ERROR;
				GCC_WARN_UNDECLARED_SELECTOR = YES;
				GCC_WARN_UNINITIALIZED_AUTOS = YES_AGGRESSIVE;
				GCC_WARN_UNUSED_FUNCTION = YES;
				GCC_WARN_UNUSED_VARIABLE = YES;
				IPHONEOS_DEPLOYMENT_TARGET = 10.0;
				MTL_ENABLE_DEBUG_INFO = NO;
				SDKROOT = iphoneos;
				VALIDATE_PRODUCT = YES;
			};
			name = Release;
		};
		12D42AA21DB5212A00A3CCC6 /* Debug */ = {
			isa = XCBuildConfiguration;
			buildSettings = {
				ASSETCATALOG_COMPILER_APPICON_NAME = "iMessage App Icon";
				DEVELOPMENT_TEAM = P3X2725LYY;
				INFOPLIST_FILE = StickerPackExtension/Info.plist;
				PRODUCT_BUNDLE_IDENTIFIER = com.EyreFree.CodingEmoji.StickerPackExtension;
				PRODUCT_NAME = "$(TARGET_NAME)";
				SKIP_INSTALL = YES;
				TARGETED_DEVICE_FAMILY = "1,2";
			};
			name = Debug;
		};
		12D42AA31DB5212A00A3CCC6 /* Release */ = {
			isa = XCBuildConfiguration;
			buildSettings = {
				ASSETCATALOG_COMPILER_APPICON_NAME = "iMessage App Icon";
				DEVELOPMENT_TEAM = P3X2725LYY;
				INFOPLIST_FILE = StickerPackExtension/Info.plist;
				PRODUCT_BUNDLE_IDENTIFIER = com.EyreFree.CodingEmoji.StickerPackExtension;
				PRODUCT_NAME = "$(TARGET_NAME)";
				SKIP_INSTALL = YES;
				TARGETED_DEVICE_FAMILY = "1,2";
			};
			name = Release;
		};
		12D42AA61DB5212A00A3CCC6 /* Debug */ = {
			isa = XCBuildConfiguration;
			buildSettings = {
				ASSETCATALOG_COMPILER_APPICON_NAME = "iMessage App Icon";
				DEVELOPMENT_TEAM = P3X2725LYY;
				INFOPLIST_FILE = CodingEmoji/Info.plist;
				PRODUCT_BUNDLE_IDENTIFIER = com.EyreFree.CodingEmoji;
				PRODUCT_NAME = "$(TARGET_NAME)";
				TARGETED_DEVICE_FAMILY = "1,2";
			};
			name = Debug;
		};
		12D42AA71DB5212A00A3CCC6 /* Release */ = {
			isa = XCBuildConfiguration;
			buildSettings = {
				ASSETCATALOG_COMPILER_APPICON_NAME = "iMessage App Icon";
				DEVELOPMENT_TEAM = P3X2725LYY;
				INFOPLIST_FILE = CodingEmoji/Info.plist;
				PRODUCT_BUNDLE_IDENTIFIER = com.EyreFree.CodingEmoji;
				PRODUCT_NAME = "$(TARGET_NAME)";
				TARGETED_DEVICE_FAMILY = "1,2";
			};
			name = Release;
		};
/* End XCBuildConfiguration section */

/* Begin XCConfigurationList section */
		12D42A911DB5212A00A3CCC6 /* Build configuration list for PBXProject "CodingEmoji" */ = {
			isa = XCConfigurationList;
			buildConfigurations = (
				12D42A9F1DB5212A00A3CCC6 /* Debug */,
				12D42AA01DB5212A00A3CCC6 /* Release */,
			);
			defaultConfigurationIsVisible = 0;
			defaultConfigurationName = Release;
		};
		12D42AA11DB5212A00A3CCC6 /* Build configuration list for PBXNativeTarget "StickerPackExtension" */ = {
			isa = XCConfigurationList;
			buildConfigurations = (
				12D42AA21DB5212A00A3CCC6 /* Debug */,
				12D42AA31DB5212A00A3CCC6 /* Release */,
			);
			defaultConfigurationIsVisible = 0;
			defaultConfigurationName = Release;
		};
		12D42AA51DB5212A00A3CCC6 /* Build configuration list for PBXNativeTarget "CodingEmoji" */ = {
			isa = XCConfigurationList;
			buildConfigurations = (
				12D42AA61DB5212A00A3CCC6 /* Debug */,
				12D42AA71DB5212A00A3CCC6 /* Release */,
			);
			defaultConfigurationIsVisible = 0;
			defaultConfigurationName = Release;
		};
/* End XCConfigurationList section */
	};
	rootObject = 12D42A8E1DB5212A00A3CCC6 /* Project object */;
}
